
Microsoft Visual Studio Solution File, Format Version 12.00
# Visual Studio 15
VisualStudioVersion = 15.0.28307.757
MinimumVisualStudioVersion = 10.0.40219.1
Project("{FAE04EC0-301F-11D3-BF4B-00C04F79EFBC}") = "BlackjackOyunu", "BlackjackOyunu\BlackjackOyunu.csproj", "{A105C268-838D-4064-AF2C-036D56330E95}"
EndProject
Global
	GlobalSection(SolutionConfigurationPlatforms) = preSolution
		Debug|Any CPU = Debug|Any CPU
		Release|Any CPU = Release|Any CPU
	EndGlobalSection
	GlobalSection(ProjectConfigurationPlatforms) = postSolution
		{A105C268-838D-4064-AF2C-036D56330E95}.Debug|Any CPU.ActiveCfg = Debug|Any CPU
		{A105C268-838D-4064-AF2C-036D56330E95}.Debug|Any CPU.Build.0 = Debug|Any CPU
		{A105C268-838D-4064-AF2C-036D56330E95}.Release|Any CPU.ActiveCfg = Release|Any CPU
		{A105C268-838D-4064-AF2C-036D56330E95}.Release|Any CPU.Build.0 = Release|Any CPU
	EndGlobalSection
	GlobalSection(SolutionProperties) = preSolution
		HideSolutionNode = FALSE
	EndGlobalSection
	GlobalSection(ExtensibilityGlobals) = postSolution
		SolutionGuid = {8382E36C-414C-4130-8FB0-D88B3982C032}
	EndGlobalSection
EndGlobal
